
Microsoft Visual Studio Solution File, Format Version 12.00
# Visual Studio Version 16
VisualStudioVersion = 16.0.29123.88
MinimumVisualStudioVersion = 10.0.40219.1
Project("{FAE04EC0-301F-11D3-BF4B-00C04F79EFBC}") = "WpfApp1", "WpfApp1\WpfApp1.csproj", "{1776E101-EF81-4739-BE6C-0F1E78D5EF38}"
EndProject
Global
	GlobalSection(SolutionConfigurationPlatforms) = preSolution
		Debug|Any CPU = Debug|Any CPU
		Release|Any CPU = Release|Any CPU
	EndGlobalSection
	GlobalSection(ProjectConfigurationPlatforms) = postSolution
		{1776E101-EF81-4739-BE6C-0F1E78D5EF38}.Debug|Any CPU.ActiveCfg = Debug|Any CPU
		{1776E101-EF81-4739-BE6C-0F1E78D5EF38}.Debug|Any CPU.Build.0 = Debug|Any CPU
		{1776E101-EF81-4739-BE6C-0F1E78D5EF38}.Release|Any CPU.ActiveCfg = Release|Any CPU
		{1776E101-EF81-4739-BE6C-0F1E78D5EF38}.Release|Any CPU.Build.0 = Release|Any CPU
	EndGlobalSection
	GlobalSection(SolutionProperties) = preSolution
		HideSolutionNode = FALSE
	EndGlobalSection
	GlobalSection(ExtensibilityGlobals) = postSolution
		SolutionGuid = {1F578B2C-9A56-4D45-8B3A-78D193343659}
	EndGlobalSection
EndGlobal
